
Microsoft Visual Studio Solution File, Format Version 12.00
# Visual Studio 2012
Project("{FAE04EC0-301F-11D3-BF4B-00C04F79EFBC}") = "CmdQueryLanguage", "CmdQueryLanguage\CmdQueryLanguage.csproj", "{455F3A7F-94DD-439E-A557-80665BC79C0A}"
EndProject
Project("{FAE04EC0-301F-11D3-BF4B-00C04F79EFBC}") = "cql", "cql\cql.csproj", "{31319608-9596-4879-B0CC-81FF949AFF70}"
EndProject
Global
	GlobalSection(SolutionConfigurationPlatforms) = preSolution
		Debug|Any CPU = Debug|Any CPU
		Release|Any CPU = Release|Any CPU
	EndGlobalSection
	GlobalSection(ProjectConfigurationPlatforms) = postSolution
		{455F3A7F-94DD-439E-A557-80665BC79C0A}.Debug|Any CPU.ActiveCfg = Debug|Any CPU
		{455F3A7F-94DD-439E-A557-80665BC79C0A}.Debug|Any CPU.Build.0 = Debug|Any CPU
		{455F3A7F-94DD-439E-A557-80665BC79C0A}.Release|Any CPU.ActiveCfg = Release|Any CPU
		{455F3A7F-94DD-439E-A557-80665BC79C0A}.Release|Any CPU.Build.0 = Release|Any CPU
		{31319608-9596-4879-B0CC-81FF949AFF70}.Debug|Any CPU.ActiveCfg = Debug|Any CPU
		{31319608-9596-4879-B0CC-81FF949AFF70}.Debug|Any CPU.Build.0 = Debug|Any CPU
		{31319608-9596-4879-B0CC-81FF949AFF70}.Release|Any CPU.ActiveCfg = Release|Any CPU
		{31319608-9596-4879-B0CC-81FF949AFF70}.Release|Any CPU.Build.0 = Release|Any CPU
	EndGlobalSection
	GlobalSection(SolutionProperties) = preSolution
		HideSolutionNode = FALSE
	EndGlobalSection
EndGlobal
